{
  "name": "sal-pre",
  "version": "1.0.0",
  "lockfileVersion": 1,
  "requires": true,
  "dependencies": {
    "jump.js": {
      "version": "1.0.2",
      "resolved": "https://registry.npmjs.org/jump.js/-/jump.js-1.0.2.tgz",
      "integrity": "sha1-4GQbR/QKOPITnCX9oFAL8o5DAVo="
    },
    "sal.js": {
      "version": "0.5.0",
      "resolved": "https://registry.npmjs.org/sal.js/-/sal.js-0.5.0.tgz",
      "integrity": "sha512-O5V+PO108JldehJgIEu237spJiOtJYrnopm+SiSv7tr/Kw2e9WI3LHj1iHvpPC6otgTpTZ8y8e5MiEcVEUewCQ=="
    }
  }
}
